
Microsoft Visual Studio Solution File, Format Version 12.00
# Visual Studio Version 17
VisualStudioVersion = 17.2.32616.157
MinimumVisualStudioVersion = 10.0.40219.1
Project("{9A19103F-16F7-4668-BE54-9A1E7A4F7556}") = "IpsPeek", "IpsPeek\IpsPeek.csproj", "{23EDEDE4-A58D-496B-8A38-9C44E9443B96}"
EndProject
Project("{9A19103F-16F7-4668-BE54-9A1E7A4F7556}") = "IpsPeek.Avalonia", "IpsPeek.Avalonia\IpsPeek.Avalonia.csproj", "{8207E43D-A380-40C5-BED0-BC3EC59C8BCF}"
EndProject
Project("{FAE04EC0-301F-11D3-BF4B-00C04F79EFBC}") = "IpsPeek.Lib", "IPsPeek.Lib\IpsPeek.Lib.csproj", "{B920E1C0-2657-4E2E-821F-8B0E6896D81C}"
EndProject
Project("{FAE04EC0-301F-11D3-BF4B-00C04F79EFBC}") = "IpsPeek.UI", "IpsPeek.UI\IpsPeek.UI.csproj", "{969CDDE6-5AD7-4464-B129-BF270BD95A50}"
EndProject
Global
	GlobalSection(SolutionConfigurationPlatforms) = preSolution
		Debug|Any CPU = Debug|Any CPU
		Release|Any CPU = Release|Any CPU
	EndGlobalSection
	GlobalSection(ProjectConfigurationPlatforms) = postSolution
		{23EDEDE4-A58D-496B-8A38-9C44E9443B96}.Debug|Any CPU.ActiveCfg = Debug|Any CPU
		{23EDEDE4-A58D-496B-8A38-9C44E9443B96}.Debug|Any CPU.Build.0 = Debug|Any CPU
		{23EDEDE4-A58D-496B-8A38-9C44E9443B96}.Release|Any CPU.ActiveCfg = Release|Any CPU
		{23EDEDE4-A58D-496B-8A38-9C44E9443B96}.Release|Any CPU.Build.0 = Release|Any CPU
		{8207E43D-A380-40C5-BED0-BC3EC59C8BCF}.Debug|Any CPU.ActiveCfg = Debug|Any CPU
		{8207E43D-A380-40C5-BED0-BC3EC59C8BCF}.Debug|Any CPU.Build.0 = Debug|Any CPU
		{8207E43D-A380-40C5-BED0-BC3EC59C8BCF}.Release|Any CPU.ActiveCfg = Release|Any CPU
		{8207E43D-A380-40C5-BED0-BC3EC59C8BCF}.Release|Any CPU.Build.0 = Release|Any CPU
		{B920E1C0-2657-4E2E-821F-8B0E6896D81C}.Debug|Any CPU.ActiveCfg = Debug|Any CPU
		{B920E1C0-2657-4E2E-821F-8B0E6896D81C}.Debug|Any CPU.Build.0 = Debug|Any CPU
		{B920E1C0-2657-4E2E-821F-8B0E6896D81C}.Release|Any CPU.ActiveCfg = Release|Any CPU
		{B920E1C0-2657-4E2E-821F-8B0E6896D81C}.Release|Any CPU.Build.0 = Release|Any CPU
		{969CDDE6-5AD7-4464-B129-BF270BD95A50}.Debug|Any CPU.ActiveCfg = Debug|Any CPU
		{969CDDE6-5AD7-4464-B129-BF270BD95A50}.Debug|Any CPU.Build.0 = Debug|Any CPU
		{969CDDE6-5AD7-4464-B129-BF270BD95A50}.Release|Any CPU.ActiveCfg = Release|Any CPU
		{969CDDE6-5AD7-4464-B129-BF270BD95A50}.Release|Any CPU.Build.0 = Release|Any CPU
	EndGlobalSection
	GlobalSection(SolutionProperties) = preSolution
		HideSolutionNode = FALSE
	EndGlobalSection
	GlobalSection(ExtensibilityGlobals) = postSolution
		SolutionGuid = {B13C95A0-740C-41A5-94B4-4E2DA9C871DC}
	EndGlobalSection
EndGlobal
